
Microsoft Visual Studio Solution File, Format Version 12.00
# Visual Studio Version 17
VisualStudioVersion = 17.14.36109.1
MinimumVisualStudioVersion = 10.0.40219.1
Project("{FAE04EC0-301F-11D3-BF4B-00C04F79EFBC}") = "ContosoUniversity", "ContosoUniversity.csproj", "{A095B36D-4ED9-4123-8F98-B4DE50808E29}"
EndProject
Global
	GlobalSection(SolutionConfigurationPlatforms) = preSolution
		Debug|Any CPU = Debug|Any CPU
		Release|Any CPU = Release|Any CPU
	EndGlobalSection
	GlobalSection(ProjectConfigurationPlatforms) = postSolution
		{A095B36D-4ED9-4123-8F98-B4DE50808E29}.Debug|Any CPU.ActiveCfg = Debug|Any CPU
		{A095B36D-4ED9-4123-8F98-B4DE50808E29}.Debug|Any CPU.Build.0 = Debug|Any CPU
		{A095B36D-4ED9-4123-8F98-B4DE50808E29}.Release|Any CPU.ActiveCfg = Release|Any CPU
		{A095B36D-4ED9-4123-8F98-B4DE50808E29}.Release|Any CPU.Build.0 = Release|Any CPU
	EndGlobalSection
	GlobalSection(SolutionProperties) = preSolution
		HideSolutionNode = FALSE
	EndGlobalSection
	GlobalSection(ExtensibilityGlobals) = postSolution
		SolutionGuid = {918D1679-7C2C-4845-B7B6-E85B2EB57913}
	EndGlobalSection
EndGlobal
